{
  "version": 4,
  "terraform_version": "1.11.3",
  "serial": 7,
  "lineage": "4890a828-b103-3916-c0ae-3489be0626a1",
  "outputs": {
    "ecr_repo_url": {
      "value": "992382693114.dkr.ecr.us-east-1.amazonaws.com/finance-ecr",
      "type": "string"
    },
    "ecs_cluster_name": {
      "value": "finance-wisdom-garden-cluster",
      "type": "string"
    },
    "service_name": {
      "value": "finance-wisdom-garden-service",
      "type": "string"
    }
  },
  "resources": [
    {
      "mode": "managed",
      "type": "aws_ecr_repository",
      "name": "app_repo",
      "provider": "provider[\"registry.terraform.io/hashicorp/aws\"]",
      "instances": [
        {
          "schema_version": 0,
          "attributes": {
            "arn": "arn:aws:ecr:us-east-1:992382693114:repository/finance-ecr",
            "encryption_configuration": [
              {
                "encryption_type": "AES256",
                "kms_key": ""
              }
            ],
            "force_delete": null,
            "id": "finance-ecr",
            "image_scanning_configuration": [
              {
                "scan_on_push": false
              }
            ],
            "image_tag_mutability": "MUTABLE",
            "name": "finance-ecr",
            "registry_id": "992382693114",
            "repository_url": "992382693114.dkr.ecr.us-east-1.amazonaws.com/finance-ecr",
            "tags": null,
            "tags_all": {},
            "timeouts": null
          },
          "sensitive_attributes": [],
          "private": "eyJlMmJmYjczMC1lY2FhLTExZTYtOGY4OC0zNDM2M2JjN2M0YzAiOnsiZGVsZXRlIjoxMjAwMDAwMDAwMDAwfX0="
        }
      ]
    },
    {
      "mode": "managed",
      "type": "aws_ecs_cluster",
      "name": "main",
      "provider": "provider[\"registry.terraform.io/hashicorp/aws\"]",
      "instances": [
        {
          "schema_version": 0,
          "attributes": {
            "arn": "arn:aws:ecs:us-east-1:992382693114:cluster/finance-wisdom-garden-cluster",
            "configuration": [],
            "id": "arn:aws:ecs:us-east-1:992382693114:cluster/finance-wisdom-garden-cluster",
            "name": "finance-wisdom-garden-cluster",
            "service_connect_defaults": [],
            "setting": [
              {
                "name": "containerInsights",
                "value": "disabled"
              }
            ],
            "tags": null,
            "tags_all": {}
          },
          "sensitive_attributes": [],
          "private": "bnVsbA=="
        }
      ]
    },
    {
      "mode": "managed",
      "type": "aws_ecs_task_definition",
      "name": "app",
      "provider": "provider[\"registry.terraform.io/hashicorp/aws\"]",
      "instances": [
        {
          "schema_version": 1,
          "attributes": {
            "arn": "arn:aws:ecs:us-east-1:992382693114:task-definition/finance-wisdom-garden-task:1",
            "arn_without_revision": "arn:aws:ecs:us-east-1:992382693114:task-definition/finance-wisdom-garden-task",
            "container_definitions": "[{\"environment\":[{\"name\":\"VITE_FIREBASE_API_KEY\",\"value\":\"your-firebase-api-key\"},{\"name\":\"VITE_FIREBASE_APP_ID\",\"value\":\"your-firebase-app-id\"},{\"name\":\"VITE_FIREBASE_AUTH_DOMAIN\",\"value\":\"your-firebase-auth-domain\"},{\"name\":\"VITE_FIREBASE_MEASUREMENT_ID\",\"value\":\"your-firebase-measurement-id\"},{\"name\":\"VITE_FIREBASE_MESSAGING_SENDER_ID\",\"value\":\"your-firebase-messaging-sender-id\"},{\"name\":\"VITE_FIREBASE_PROJECT_ID\",\"value\":\"your-firebase-project-id\"},{\"name\":\"VITE_FIREBASE_STORAGE_BUCKET\",\"value\":\"your-firebase-storage-bucket\"}],\"essential\":true,\"image\":\"992382693114.dkr.ecr.us-east-1.amazonaws.com/finance-ecr:latest\",\"mountPoints\":[],\"name\":\"app\",\"portMappings\":[{\"containerPort\":80,\"hostPort\":80,\"protocol\":\"tcp\"}],\"systemControls\":[],\"volumesFrom\":[]}]",
            "cpu": "256",
            "enable_fault_injection": false,
            "ephemeral_storage": [],
            "execution_role_arn": "arn:aws:iam::992382693114:role/ecsTaskExecutionRole",
            "family": "finance-wisdom-garden-task",
            "id": "finance-wisdom-garden-task",
            "inference_accelerator": [],
            "ipc_mode": "",
            "memory": "512",
            "network_mode": "awsvpc",
            "pid_mode": "",
            "placement_constraints": [],
            "proxy_configuration": [],
            "requires_compatibilities": [
              "FARGATE"
            ],
            "revision": 1,
            "runtime_platform": [],
            "skip_destroy": false,
            "tags": null,
            "tags_all": {},
            "task_role_arn": "",
            "track_latest": false,
            "volume": []
          },
          "sensitive_attributes": [],
          "private": "eyJzY2hlbWFfdmVyc2lvbiI6IjEifQ==",
          "dependencies": [
            "aws_ecr_repository.app_repo",
            "aws_iam_role.ecs_task_execution"
          ]
        }
      ]
    },
    {
      "mode": "managed",
      "type": "aws_iam_role",
      "name": "ecs_task_execution",
      "provider": "provider[\"registry.terraform.io/hashicorp/aws\"]",
      "instances": [
        {
          "schema_version": 0,
          "attributes": {
            "arn": "arn:aws:iam::992382693114:role/ecsTaskExecutionRole",
            "assume_role_policy": "{\"Statement\":[{\"Action\":\"sts:AssumeRole\",\"Effect\":\"Allow\",\"Principal\":{\"Service\":\"ecs-tasks.amazonaws.com\"}}],\"Version\":\"2012-10-17\"}",
            "create_date": "2025-04-10T19:55:31Z",
            "description": "",
            "force_detach_policies": false,
            "id": "ecsTaskExecutionRole",
            "inline_policy": [],
            "managed_policy_arns": [],
            "max_session_duration": 3600,
            "name": "ecsTaskExecutionRole",
            "name_prefix": "",
            "path": "/",
            "permissions_boundary": "",
            "tags": null,
            "tags_all": {},
            "unique_id": "AROA6ODU6F35DLBIFGDW2"
          },
          "sensitive_attributes": [],
          "private": "bnVsbA=="
        }
      ]
    },
    {
      "mode": "managed",
      "type": "aws_iam_role_policy_attachment",
      "name": "ecs_task_policy",
      "provider": "provider[\"registry.terraform.io/hashicorp/aws\"]",
      "instances": [
        {
          "schema_version": 0,
          "attributes": {
            "id": "ecsTaskExecutionRole-20250410195533020700000001",
            "policy_arn": "arn:aws:iam::aws:policy/service-role/AmazonECSTaskExecutionRolePolicy",
            "role": "ecsTaskExecutionRole"
          },
          "sensitive_attributes": [],
          "private": "bnVsbA==",
          "dependencies": [
            "aws_iam_role.ecs_task_execution"
          ]
        }
      ]
    }
  ],
  "check_results": null
}
